Microsoft Visual Studio Solution File, Format Version 12.00
# Visual Studio Version 17
VisualStudioVersion = 17.5.2.0
MinimumVisualStudioVersion = 10.0.40219.1
Project("{FAE04EC0-301F-11D3-BF4B-00C04F79EFBC}") = "Autotest.Platform", "Autotest.Platform.csproj", "{D0C75846-CF74-5BB8-B871-4D12F4DA4A50}"
EndProject
Global
	GlobalSection(SolutionConfigurationPlatforms) = preSolution
		Debug|Any CPU = Debug|Any CPU
		Release|Any CPU = Release|Any CPU
	EndGlobalSection
	GlobalSection(ProjectConfigurationPlatforms) = postSolution
		{D0C75846-CF74-5BB8-B871-4D12F4DA4A50}.Debug|Any CPU.ActiveCfg = Debug|Any CPU
		{D0C75846-CF74-5BB8-B871-4D12F4DA4A50}.Debug|Any CPU.Build.0 = Debug|Any CPU
		{D0C75846-CF74-5BB8-B871-4D12F4DA4A50}.Release|Any CPU.ActiveCfg = Release|Any CPU
		{D0C75846-CF74-5BB8-B871-4D12F4DA4A50}.Release|Any CPU.Build.0 = Release|Any CPU
	EndGlobalSection
	GlobalSection(SolutionProperties) = preSolution
		HideSolutionNode = FALSE
	EndGlobalSection
	GlobalSection(ExtensibilityGlobals) = postSolution
		SolutionGuid = {A1A32A4C-82D0-45BC-8CDC-8756C43CA839}
	EndGlobalSection
EndGlobal
